// !$*UTF8*$!
{
	archiveVersion = 1;
	classes = {
	};
	objectVersion = 56;
	objects = {

/* Begin PBXBuildFile section */
		269962D52BB5892F009AC26D /* FavoriteButton.swift in Sources */ = {isa = PBXBuildFile; fileRef = 269962D42BB5892F009AC26D /* FavoriteButton.swift */; };
		26B51AC42B9863FC00063AF5 /* LandmarksApp.swift in Sources */ = {isa = PBXBuildFile; fileRef = 26B51AC32B9863FC00063AF5 /* LandmarksApp.swift */; };
		26B51AC62B9863FC00063AF5 /* ContentView.swift in Sources */ = {isa = PBXBuildFile; fileRef = 26B51AC52B9863FC00063AF5 /* ContentView.swift */; };
		26B51AC82B9863FD00063AF5 /* Assets.xcassets in Resources */ = {isa = PBXBuildFile; fileRef = 26B51AC72B9863FD00063AF5 /* Assets.xcassets */; };
		26B51ACB2B9863FD00063AF5 /* Preview Assets.xcassets in Resources */ = {isa = PBXBuildFile; fileRef = 26B51ACA2B9863FD00063AF5 /* Preview Assets.xcassets */; };
		26B51AD52B9863FE00063AF5 /* LandmarksTests.swift in Sources */ = {isa = PBXBuildFile; fileRef = 26B51AD42B9863FE00063AF5 /* LandmarksTests.swift */; };
		26B51ADF2B9863FE00063AF5 /* LandmarksUITests.swift in Sources */ = {isa = PBXBuildFile; fileRef = 26B51ADE2B9863FE00063AF5 /* LandmarksUITests.swift */; };
		26B51AE12B9863FE00063AF5 /* LandmarksUITestsLaunchTests.swift in Sources */ = {isa = PBXBuildFile; fileRef = 26B51AE02B9863FE00063AF5 /* LandmarksUITestsLaunchTests.swift */; };
		26B51AEE2B98807A00063AF5 /* CircleImage.swift in Sources */ = {isa = PBXBuildFile; fileRef = 26B51AED2B98807A00063AF5 /* CircleImage.swift */; };
		26B51AF02B98818900063AF5 /* MapView.swift in Sources */ = {isa = PBXBuildFile; fileRef = 26B51AEF2B98818900063AF5 /* MapView.swift */; };
		26B51AF22B988F4100063AF5 /* landmarkData.json in Resources */ = {isa = PBXBuildFile; fileRef = 26B51AF12B988F4100063AF5 /* landmarkData.json */; };
		26B51AF42B988F6400063AF5 /* Landmark.swift in Sources */ = {isa = PBXBuildFile; fileRef = 26B51AF32B988F6400063AF5 /* Landmark.swift */; };
		26B51AF62B98916400063AF5 /* ModelData.swift in Sources */ = {isa = PBXBuildFile; fileRef = 26B51AF52B98916400063AF5 /* ModelData.swift */; };
		26B51AFC2B98944A00063AF5 /* LandmarkRow.swift in Sources */ = {isa = PBXBuildFile; fileRef = 26B51AFB2B98944A00063AF5 /* LandmarkRow.swift */; };
		26B51AFE2B998B8800063AF5 /* LandmarkList.swift in Sources */ = {isa = PBXBuildFile; fileRef = 26B51AFD2B998B8800063AF5 /* LandmarkList.swift */; };
		26C123A92BA004EC00F92B57 /*  LandmarkDetail.swift in Sources */ = {isa = PBXBuildFile; fileRef = 26C123A82BA004EC00F92B57 /*  LandmarkDetail.swift */; };
/* End PBXBuildFile section */

/* Begin PBXContainerItemProxy section */
		26B51AD12B9863FE00063AF5 /* PBXContainerItemProxy */ = {
			isa = PBXContainerItemProxy;
			containerPortal = 26B51AB82B9863FC00063AF5 /* Project object */;
			proxyType = 1;
			remoteGlobalIDString = 26B51ABF2B9863FC00063AF5;
			remoteInfo = Landmarks;
		};
		26B51ADB2B9863FE00063AF5 /* PBXContainerItemProxy */ = {
			isa = PBXContainerItemProxy;
			containerPortal = 26B51AB82B9863FC00063AF5 /* Project object */;
			proxyType = 1;
			remoteGlobalIDString = 26B51ABF2B9863FC00063AF5;
			remoteInfo = Landmarks;
		};
/* End PBXContainerItemProxy section */

/* Begin PBXFileReference section */
		269962D42BB5892F009AC26D /* FavoriteButton.swift */ = {isa = PBXFileReference; lastKnownFileType = sourcecode.swift; path = FavoriteButton.swift; sourceTree = "<group>"; };
		26B51AC02B9863FC00063AF5 /* Landmarks.app */ = {isa = PBXFileReference; explicitFileType = wrapper.application; includeInIndex = 0; path = Landmarks.app; sourceTree = BUILT_PRODUCTS_DIR; };
		26B51AC32B9863FC00063AF5 /* LandmarksApp.swift */ = {isa = PBXFileReference; lastKnownFileType = sourcecode.swift; path = LandmarksApp.swift; sourceTree = "<group>"; };
		26B51AC52B9863FC00063AF5 /* ContentView.swift */ = {isa = PBXFileReference; lastKnownFileType = sourcecode.swift; path = ContentView.swift; sourceTree = "<group>"; };
		26B51AC72B9863FD00063AF5 /* Assets.xcassets */ = {isa = PBXFileReference; lastKnownFileType = folder.assetcatalog; path = Assets.xcassets; sourceTree = "<group>"; };
		26B51ACA2B9863FD00063AF5 /* Preview Assets.xcassets */ = {isa = PBXFileReference; lastKnownFileType = folder.assetcatalog; path = "Preview Assets.xcassets"; sourceTree = "<group>"; };
		26B51AD02B9863FE00063AF5 /* LandmarksTests.xctest */ = {isa = PBXFileReference; explicitFileType = wrapper.cfbundle; includeInIndex = 0; path = LandmarksTests.xctest; sourceTree = BUILT_PRODUCTS_DIR; };
		26B51AD42B9863FE00063AF5 /* LandmarksTests.swift */ = {isa = PBXFileReference; lastKnownFileType = sourcecode.swift; path = LandmarksTests.swift; sourceTree = "<group>"; };
		26B51ADA2B9863FE00063AF5 /* LandmarksUITests.xctest */ = {isa = PBXFileReference; explicitFileType = wrapper.cfbundle; includeInIndex = 0; path = LandmarksUITests.xctest; sourceTree = BUILT_PRODUCTS_DIR; };
		26B51ADE2B9863FE00063AF5 /* LandmarksUITests.swift */ = {isa = PBXFileReference; lastKnownFileType = sourcecode.swift; path = LandmarksUITests.swift; sourceTree = "<group>"; };
		26B51AE02B9863FE00063AF5 /* LandmarksUITestsLaunchTests.swift */ = {isa = PBXFileReference; lastKnownFileType = sourcecode.swift; path = LandmarksUITestsLaunchTests.swift; sourceTree = "<group>"; };
		26B51AED2B98807A00063AF5 /* CircleImage.swift */ = {isa = PBXFileReference; lastKnownFileType = sourcecode.swift; path = CircleImage.swift; sourceTree = "<group>"; };
		26B51AEF2B98818900063AF5 /* MapView.swift */ = {isa = PBXFileReference; lastKnownFileType = sourcecode.swift; path = MapView.swift; sourceTree = "<group>"; };
		26B51AF12B988F4100063AF5 /* landmarkData.json */ = {isa = PBXFileReference; fileEncoding = 4; lastKnownFileType = text.json; path = landmarkData.json; sourceTree = "<group>"; };
		26B51AF32B988F6400063AF5 /* Landmark.swift */ = {isa = PBXFileReference; lastKnownFileType = sourcecode.swift; path = Landmark.swift; sourceTree = "<group>"; };
		26B51AF52B98916400063AF5 /* ModelData.swift */ = {isa = PBXFileReference; lastKnownFileType = sourcecode.swift; path = ModelData.swift; sourceTree = "<group>"; };
		26B51AFB2B98944A00063AF5 /* LandmarkRow.swift */ = {isa = PBXFileReference; lastKnownFileType = sourcecode.swift; path = LandmarkRow.swift; sourceTree = "<group>"; };
		26B51AFD2B998B8800063AF5 /* LandmarkList.swift */ = {isa = PBXFileReference; lastKnownFileType = sourcecode.swift; path = LandmarkList.swift; sourceTree = "<group>"; };
		26C123A82BA004EC00F92B57 /*  LandmarkDetail.swift */ = {isa = PBXFileReference; lastKnownFileType = sourcecode.swift; path = " LandmarkDetail.swift"; sourceTree = "<group>"; };
/* End PBXFileReference section */

/* Begin PBXFrameworksBuildPhase section */
		26B51ABD2B9863FC00063AF5 /* Frameworks */ = {
			isa = PBXFrameworksBuildPhase;
			buildActionMask = 2147483647;
			files = (
			);
			runOnlyForDeploymentPostprocessing = 0;
		};
		26B51ACD2B9863FE00063AF5 /* Frameworks */ = {
			isa = PBXFrameworksBuildPhase;
			buildActionMask = 2147483647;
			files = (
			);
			runOnlyForDeploymentPostprocessing = 0;
		};
		26B51AD72B9863FE00063AF5 /* Frameworks */ = {
			isa = PBXFrameworksBuildPhase;
			buildActionMask = 2147483647;
			files = (
			);
			runOnlyForDeploymentPostprocessing = 0;
		};
/* End PBXFrameworksBuildPhase section */

/* Begin PBXGroup section */
		269962D62BB58C08009AC26D /* Landmarks */ = {
			isa = PBXGroup;
			children = (
				26B51AFB2B98944A00063AF5 /* LandmarkRow.swift */,
				26B51AFD2B998B8800063AF5 /* LandmarkList.swift */,
				26C123A82BA004EC00F92B57 /*  LandmarkDetail.swift */,
			);
			path = Landmarks;
			sourceTree = "<group>";
		};
		269962D72BB58C3E009AC26D /* Helper */ = {
			isa = PBXGroup;
			children = (
				269962D42BB5892F009AC26D /* FavoriteButton.swift */,
				26B51AED2B98807A00063AF5 /* CircleImage.swift */,
				26B51AEF2B98818900063AF5 /* MapView.swift */,
			);
			path = Helper;
			sourceTree = "<group>";
		};
		26B51AB72B9863FC00063AF5 = {
			isa = PBXGroup;
			children = (
				26B51AC22B9863FC00063AF5 /* Landmarks */,
				26B51AD32B9863FE00063AF5 /* LandmarksTests */,
				26B51ADD2B9863FE00063AF5 /* LandmarksUITests */,
				26B51AC12B9863FC00063AF5 /* Products */,
			);
			sourceTree = "<group>";
		};
		26B51AC12B9863FC00063AF5 /* Products */ = {
			isa = PBXGroup;
			children = (
				26B51AC02B9863FC00063AF5 /* Landmarks.app */,
				26B51AD02B9863FE00063AF5 /* LandmarksTests.xctest */,
				26B51ADA2B9863FE00063AF5 /* LandmarksUITests.xctest */,
			);
			name = Products;
			sourceTree = "<group>";
		};
		26B51AC22B9863FC00063AF5 /* Landmarks */ = {
			isa = PBXGroup;
			children = (
				26B51AC32B9863FC00063AF5 /* LandmarksApp.swift */,
				26B51AF72B98938800063AF5 /* View */,
				26B51AF92B9893B800063AF5 /* Model */,
				26B51AFA2B9893D000063AF5 /* Resources */,
				26B51AC72B9863FD00063AF5 /* Assets.xcassets */,
				26B51AC92B9863FD00063AF5 /* Preview Content */,
			);
			path = Landmarks;
			sourceTree = "<group>";
		};
		26B51AC92B9863FD00063AF5 /* Preview Content */ = {
			isa = PBXGroup;
			children = (
				26B51ACA2B9863FD00063AF5 /* Preview Assets.xcassets */,
			);
			path = "Preview Content";
			sourceTree = "<group>";
		};
		26B51AD32B9863FE00063AF5 /* LandmarksTests */ = {
			isa = PBXGroup;
			children = (
				26B51AD42B9863FE00063AF5 /* LandmarksTests.swift */,
			);
			path = LandmarksTests;
			sourceTree = "<group>";
		};
		26B51ADD2B9863FE00063AF5 /* LandmarksUITests */ = {
			isa = PBXGroup;
			children = (
				26B51ADE2B9863FE00063AF5 /* LandmarksUITests.swift */,
				26B51AE02B9863FE00063AF5 /* LandmarksUITestsLaunchTests.swift */,
			);
			path = LandmarksUITests;
			sourceTree = "<group>";
		};
		26B51AF72B98938800063AF5 /* View */ = {
			isa = PBXGroup;
			children = (
				26B51AC52B9863FC00063AF5 /* ContentView.swift */,
				269962D72BB58C3E009AC26D /* Helper */,
				269962D62BB58C08009AC26D /* Landmarks */,
			);
			path = View;
			sourceTree = "<group>";
		};
		26B51AF92B9893B800063AF5 /* Model */ = {
			isa = PBXGroup;
			children = (
				26B51AF32B988F6400063AF5 /* Landmark.swift */,
				26B51AF52B98916400063AF5 /* ModelData.swift */,
			);
			path = Model;
			sourceTree = "<group>";
		};
		26B51AFA2B9893D000063AF5 /* Resources */ = {
			isa = PBXGroup;
			children = (
				26B51AF12B988F4100063AF5 /* landmarkData.json */,
			);
			path = Resources;
			sourceTree = "<group>";
		};
/* End PBXGroup section */

/* Begin PBXNativeTarget section */
		26B51ABF2B9863FC00063AF5 /* Landmarks */ = {
			isa = PBXNativeTarget;
			buildConfigurationList = 26B51AE42B9863FE00063AF5 /* Build configuration list for PBXNativeTarget "Landmarks" */;
			buildPhases = (
				26B51ABC2B9863FC00063AF5 /* Sources */,
				26B51ABD2B9863FC00063AF5 /* Frameworks */,
				26B51ABE2B9863FC00063AF5 /* Resources */,
			);
			buildRules = (
			);
			dependencies = (
			);
			name = Landmarks;
			productName = Landmarks;
			productReference = 26B51AC02B9863FC00063AF5 /* Landmarks.app */;
			productType = "com.apple.product-type.application";
		};
		26B51ACF2B9863FE00063AF5 /* LandmarksTests */ = {
			isa = PBXNativeTarget;
			buildConfigurationList = 26B51AE72B9863FE00063AF5 /* Build configuration list for PBXNativeTarget "LandmarksTests" */;
			buildPhases = (
				26B51ACC2B9863FE00063AF5 /* Sources */,
				26B51ACD2B9863FE00063AF5 /* Frameworks */,
				26B51ACE2B9863FE00063AF5 /* Resources */,
			);
			buildRules = (
			);
			dependencies = (
				26B51AD22B9863FE00063AF5 /* PBXTargetDependency */,
			);
			name = LandmarksTests;
			productName = LandmarksTests;
			productReference = 26B51AD02B9863FE00063AF5 /* LandmarksTests.xctest */;
			productType = "com.apple.product-type.bundle.unit-test";
		};
		26B51AD92B9863FE00063AF5 /* LandmarksUITests */ = {
			isa = PBXNativeTarget;
			buildConfigurationList = 26B51AEA2B9863FE00063AF5 /* Build configuration list for PBXNativeTarget "LandmarksUITests" */;
			buildPhases = (
				26B51AD62B9863FE00063AF5 /* Sources */,
				26B51AD72B9863FE00063AF5 /* Frameworks */,
				26B51AD82B9863FE00063AF5 /* Resources */,
			);
			buildRules = (
			);
			dependencies = (
				26B51ADC2B9863FE00063AF5 /* PBXTargetDependency */,
			);
			name = LandmarksUITests;
			productName = LandmarksUITests;
			productReference = 26B51ADA2B9863FE00063AF5 /* LandmarksUITests.xctest */;
			productType = "com.apple.product-type.bundle.ui-testing";
		};
/* End PBXNativeTarget section */

/* Begin PBXProject section */
		26B51AB82B9863FC00063AF5 /* Project object */ = {
			isa = PBXProject;
			attributes = {
				BuildIndependentTargetsInParallel = 1;
				LastSwiftUpdateCheck = 1500;
				LastUpgradeCheck = 1500;
				TargetAttributes = {
					26B51ABF2B9863FC00063AF5 = {
						CreatedOnToolsVersion = 15.0.1;
					};
					26B51ACF2B9863FE00063AF5 = {
						CreatedOnToolsVersion = 15.0.1;
						TestTargetID = 26B51ABF2B9863FC00063AF5;
					};
					26B51AD92B9863FE00063AF5 = {
						CreatedOnToolsVersion = 15.0.1;
						TestTargetID = 26B51ABF2B9863FC00063AF5;
					};
				};
			};
			buildConfigurationList = 26B51ABB2B9863FC00063AF5 /* Build configuration list for PBXProject "Landmarks" */;
			compatibilityVersion = "Xcode 14.0";
			developmentRegion = en;
			hasScannedForEncodings = 0;
			knownRegions = (
				en,
				Base,
			);
			mainGroup = 26B51AB72B9863FC00063AF5;
			productRefGroup = 26B51AC12B9863FC00063AF5 /* Products */;
			projectDirPath = "";
			projectRoot = "";
			targets = (
				26B51ABF2B9863FC00063AF5 /* Landmarks */,
				26B51ACF2B9863FE00063AF5 /* LandmarksTests */,
				26B51AD92B9863FE00063AF5 /* LandmarksUITests */,
			);
		};
/* End PBXProject section */

/* Begin PBXResourcesBuildPhase section */
		26B51ABE2B9863FC00063AF5 /* Resources */ = {
			isa = PBXResourcesBuildPhase;
			buildActionMask = 2147483647;
			files = (
				26B51ACB2B9863FD00063AF5 /* Preview Assets.xcassets in Resources */,
				26B51AC82B9863FD00063AF5 /* Assets.xcassets in Resources */,
				26B51AF22B988F4100063AF5 /* landmarkData.json in Resources */,
			);
			runOnlyForDeploymentPostprocessing = 0;
		};
		26B51ACE2B9863FE00063AF5 /* Resources */ = {
			isa = PBXResourcesBuildPhase;
			buildActionMask = 2147483647;
			files = (
			);
			runOnlyForDeploymentPostprocessing = 0;
		};
		26B51AD82B9863FE00063AF5 /* Resources */ = {
			isa = PBXResourcesBuildPhase;
			buildActionMask = 2147483647;
			files = (
			);
			runOnlyForDeploymentPostprocessing = 0;
		};
/* End PBXResourcesBuildPhase section */

/* Begin PBXSourcesBuildPhase section */
		26B51ABC2B9863FC00063AF5 /* Sources */ = {
			isa = PBXSourcesBuildPhase;
			buildActionMask = 2147483647;
			files = (
				26B51AC62B9863FC00063AF5 /* ContentView.swift in Sources */,
				26B51AF02B98818900063AF5 /* MapView.swift in Sources */,
				26B51AC42B9863FC00063AF5 /* LandmarksApp.swift in Sources */,
				269962D52BB5892F009AC26D /* FavoriteButton.swift in Sources */,
				26B51AFE2B998B8800063AF5 /* LandmarkList.swift in Sources */,
				26B51AEE2B98807A00063AF5 /* CircleImage.swift in Sources */,
				26B51AF42B988F6400063AF5 /* Landmark.swift in Sources */,
				26B51AFC2B98944A00063AF5 /* LandmarkRow.swift in Sources */,
				26C123A92BA004EC00F92B57 /*  LandmarkDetail.swift in Sources */,
				26B51AF62B98916400063AF5 /* ModelData.swift in Sources */,
			);
			runOnlyForDeploymentPostprocessing = 0;
		};
		26B51ACC2B9863FE00063AF5 /* Sources */ = {
			isa = PBXSourcesBuildPhase;
			buildActionMask = 2147483647;
			files = (
				26B51AD52B9863FE00063AF5 /* LandmarksTests.swift in Sources */,
			);
			runOnlyForDeploymentPostprocessing = 0;
		};
		26B51AD62B9863FE00063AF5 /* Sources */ = {
			isa = PBXSourcesBuildPhase;
			buildActionMask = 2147483647;
			files = (
				26B51AE12B9863FE00063AF5 /* LandmarksUITestsLaunchTests.swift in Sources */,
				26B51ADF2B9863FE00063AF5 /* LandmarksUITests.swift in Sources */,
			);
			runOnlyForDeploymentPostprocessing = 0;
		};
/* End PBXSourcesBuildPhase section */

/* Begin PBXTargetDependency section */
		26B51AD22B9863FE00063AF5 /* PBXTargetDependency */ = {
			isa = PBXTargetDependency;
			target = 26B51ABF2B9863FC00063AF5 /* Landmarks */;
			targetProxy = 26B51AD12B9863FE00063AF5 /* PBXContainerItemProxy */;
		};
		26B51ADC2B9863FE00063AF5 /* PBXTargetDependency */ = {
			isa = PBXTargetDependency;
			target = 26B51ABF2B9863FC00063AF5 /* Landmarks */;
			targetProxy = 26B51ADB2B9863FE00063AF5 /* PBXContainerItemProxy */;
		};
/* End PBXTargetDependency section */

/* Begin XCBuildConfiguration section */
		26B51AE22B9863FE00063AF5 /* Debug */ = {
			isa = XCBuildConfiguration;
			buildSettings = {
				ALWAYS_SEARCH_USER_PATHS = NO;
				ASSETCATALOG_COMPILER_GENERATE_SWIFT_ASSET_SYMBOL_EXTENSIONS = YES;
				CLANG_ANALYZER_NONNULL = YES;
				CLANG_ANALYZER_NUMBER_OBJECT_CONVERSION = YES_AGGRESSIVE;
				CLANG_CXX_LANGUAGE_STANDARD = "gnu++20";
				CLANG_ENABLE_MODULES = YES;
				CLANG_ENABLE_OBJC_ARC = YES;
				CLANG_ENABLE_OBJC_WEAK = YES;
				CLANG_WARN_BLOCK_CAPTURE_AUTORELEASING = YES;
				CLANG_WARN_BOOL_CONVERSION = YES;
				CLANG_WARN_COMMA = YES;
				CLANG_WARN_CONSTANT_CONVERSION = YES;
				CLANG_WARN_DEPRECATED_OBJC_IMPLEMENTATIONS = YES;
				CLANG_WARN_DIRECT_OBJC_ISA_USAGE = YES_ERROR;
				CLANG_WARN_DOCUMENTATION_COMMENTS = YES;
				CLANG_WARN_EMPTY_BODY = YES;
				CLANG_WARN_ENUM_CONVERSION = YES;
				CLANG_WARN_INFINITE_RECURSION = YES;
				CLANG_WARN_INT_CONVERSION = YES;
				CLANG_WARN_NON_LITERAL_NULL_CONVERSION = YES;
				CLANG_WARN_OBJC_IMPLICIT_RETAIN_SELF = YES;
				CLANG_WARN_OBJC_LITERAL_CONVERSION = YES;
				CLANG_WARN_OBJC_ROOT_CLASS = YES_ERROR;
				CLANG_WARN_QUOTED_INCLUDE_IN_FRAMEWORK_HEADER = YES;
				CLANG_WARN_RANGE_LOOP_ANALYSIS = YES;
				CLANG_WARN_STRICT_PROTOTYPES = YES;
				CLANG_WARN_SUSPICIOUS_MOVE = YES;
				CLANG_WARN_UNGUARDED_AVAILABILITY = YES_AGGRESSIVE;
				CLANG_WARN_UNREACHABLE_CODE = YES;
				CLANG_WARN__DUPLICATE_METHOD_MATCH = YES;
				COPY_PHASE_STRIP = NO;
				DEBUG_INFORMATION_FORMAT = dwarf;
				ENABLE_STRICT_OBJC_MSGSEND = YES;
				ENABLE_TESTABILITY = YES;
				ENABLE_USER_SCRIPT_SANDBOXING = YES;
				GCC_C_LANGUAGE_STANDARD = gnu17;
				GCC_DYNAMIC_NO_PIC = NO;
				GCC_NO_COMMON_BLOCKS = YES;
				GCC_OPTIMIZATION_LEVEL = 0;
				GCC_PREPROCESSOR_DEFINITIONS = (
					"DEBUG=1",
					"$(inherited)",
				);
				GCC_WARN_64_TO_32_BIT_CONVERSION = YES;
				GCC_WARN_ABOUT_RETURN_TYPE = YES_ERROR;
				GCC_WARN_UNDECLARED_SELECTOR = YES;
				GCC_WARN_UNINITIALIZED_AUTOS = YES_AGGRESSIVE;
				GCC_WARN_UNUSED_FUNCTION = YES;
				GCC_WARN_UNUSED_VARIABLE = YES;
				IPHONEOS_DEPLOYMENT_TARGET = 17.0;
				LOCALIZATION_PREFERS_STRING_CATALOGS = YES;
				MTL_ENABLE_DEBUG_INFO = INCLUDE_SOURCE;
				MTL_FAST_MATH = YES;
				ONLY_ACTIVE_ARCH = YES;
				SDKROOT = iphoneos;
				SWIFT_ACTIVE_COMPILATION_CONDITIONS = "DEBUG $(inherited)";
				SWIFT_OPTIMIZATION_LEVEL = "-Onone";
			};
			name = Debug;
		};
		26B51AE32B9863FE00063AF5 /* Release */ = {
			isa = XCBuildConfiguration;
			buildSettings = {
				ALWAYS_SEARCH_USER_PATHS = NO;
				ASSETCATALOG_COMPILER_GENERATE_SWIFT_ASSET_SYMBOL_EXTENSIONS = YES;
				CLANG_ANALYZER_NONNULL = YES;
				CLANG_ANALYZER_NUMBER_OBJECT_CONVERSION = YES_AGGRESSIVE;
				CLANG_CXX_LANGUAGE_STANDARD = "gnu++20";
				CLANG_ENABLE_MODULES = YES;
				CLANG_ENABLE_OBJC_ARC = YES;
				CLANG_ENABLE_OBJC_WEAK = YES;
				CLANG_WARN_BLOCK_CAPTURE_AUTORELEASING = YES;
				CLANG_WARN_BOOL_CONVERSION = YES;
				CLANG_WARN_COMMA = YES;
				CLANG_WARN_CONSTANT_CONVERSION = YES;
				CLANG_WARN_DEPRECATED_OBJC_IMPLEMENTATIONS = YES;
				CLANG_WARN_DIRECT_OBJC_ISA_USAGE = YES_ERROR;
				CLANG_WARN_DOCUMENTATION_COMMENTS = YES;
				CLANG_WARN_EMPTY_BODY = YES;
				CLANG_WARN_ENUM_CONVERSION = YES;
				CLANG_WARN_INFINITE_RECURSION = YES;
				CLANG_WARN_INT_CONVERSION = YES;
				CLANG_WARN_NON_LITERAL_NULL_CONVERSION = YES;
				CLANG_WARN_OBJC_IMPLICIT_RETAIN_SELF = YES;
				CLANG_WARN_OBJC_LITERAL_CONVERSION = YES;
				CLANG_WARN_OBJC_ROOT_CLASS = YES_ERROR;
				CLANG_WARN_QUOTED_INCLUDE_IN_FRAMEWORK_HEADER = YES;
				CLANG_WARN_RANGE_LOOP_ANALYSIS = YES;
				CLANG_WARN_STRICT_PROTOTYPES = YES;
				CLANG_WARN_SUSPICIOUS_MOVE = YES;
				CLANG_WARN_UNGUARDED_AVAILABILITY = YES_AGGRESSIVE;
				CLANG_WARN_UNREACHABLE_CODE = YES;
				CLANG_WARN__DUPLICATE_METHOD_MATCH = YES;
				COPY_PHASE_STRIP = NO;
				DEBUG_INFORMATION_FORMAT = "dwarf-with-dsym";
				ENABLE_NS_ASSERTIONS = NO;
				ENABLE_STRICT_OBJC_MSGSEND = YES;
				ENABLE_USER_SCRIPT_SANDBOXING = YES;
				GCC_C_LANGUAGE_STANDARD = gnu17;
				GCC_NO_COMMON_BLOCKS = YES;
				GCC_WARN_64_TO_32_BIT_CONVERSION = YES;
				GCC_WARN_ABOUT_RETURN_TYPE = YES_ERROR;
				GCC_WARN_UNDECLARED_SELECTOR = YES;
				GCC_WARN_UNINITIALIZED_AUTOS = YES_AGGRESSIVE;
				GCC_WARN_UNUSED_FUNCTION = YES;
				GCC_WARN_UNUSED_VARIABLE = YES;
				IPHONEOS_DEPLOYMENT_TARGET = 17.0;
				LOCALIZATION_PREFERS_STRING_CATALOGS = YES;
				MTL_ENABLE_DEBUG_INFO = NO;
				MTL_FAST_MATH = YES;
				SDKROOT = iphoneos;
				SWIFT_COMPILATION_MODE = wholemodule;
				VALIDATE_PRODUCT = YES;
			};
			name = Release;
		};
		26B51AE52B9863FE00063AF5 /* Debug */ = {
			isa = XCBuildConfiguration;
			buildSettings = {
				ASSETCATALOG_COMPILER_APPICON_NAME = AppIcon;
				ASSETCATALOG_COMPILER_GLOBAL_ACCENT_COLOR_NAME = AccentColor;
				CODE_SIGN_STYLE = Automatic;
				CURRENT_PROJECT_VERSION = 1;
				DEVELOPMENT_ASSET_PATHS = "\"Landmarks/Preview Content\"";
				ENABLE_PREVIEWS = YES;
				GENERATE_INFOPLIST_FILE = YES;
				INFOPLIST_KEY_UIApplicationSceneManifest_Generation = YES;
				INFOPLIST_KEY_UIApplicationSupportsIndirectInputEvents = YES;
				INFOPLIST_KEY_UILaunchScreen_Generation = YES;
				INFOPLIST_KEY_UISupportedInterfaceOrientations_iPad = "UIInterfaceOrientationPortrait UIInterfaceOrientationPortraitUpsideDown UIInterfaceOrientationLandscapeLeft UIInterfaceOrientationLandscapeRight";
				INFOPLIST_KEY_UISupportedInterfaceOrientations_iPhone = "UIInterfaceOrientationPortrait UIInterfaceOrientationLandscapeLeft UIInterfaceOrientationLandscapeRight";
				LD_RUNPATH_SEARCH_PATHS = (
					"$(inherited)",
					"@executable_path/Frameworks",
				);
				MARKETING_VERSION = 1.0;
				PRODUCT_BUNDLE_IDENTIFIER = test.Landmarks;
				PRODUCT_NAME = "$(TARGET_NAME)";
				SWIFT_EMIT_LOC_STRINGS = YES;
				SWIFT_VERSION = 5.0;
				TARGETED_DEVICE_FAMILY = "1,2";
			};
			name = Debug;
		};
		26B51AE62B9863FE00063AF5 /* Release */ = {
			isa = XCBuildConfiguration;
			buildSettings = {
				ASSETCATALOG_COMPILER_APPICON_NAME = AppIcon;
				ASSETCATALOG_COMPILER_GLOBAL_ACCENT_COLOR_NAME = AccentColor;
				CODE_SIGN_STYLE = Automatic;
				CURRENT_PROJECT_VERSION = 1;
				DEVELOPMENT_ASSET_PATHS = "\"Landmarks/Preview Content\"";
				ENABLE_PREVIEWS = YES;
				GENERATE_INFOPLIST_FILE = YES;
				INFOPLIST_KEY_UIApplicationSceneManifest_Generation = YES;
				INFOPLIST_KEY_UIApplicationSupportsIndirectInputEvents = YES;
				INFOPLIST_KEY_UILaunchScreen_Generation = YES;
				INFOPLIST_KEY_UISupportedInterfaceOrientations_iPad = "UIInterfaceOrientationPortrait UIInterfaceOrientationPortraitUpsideDown UIInterfaceOrientationLandscapeLeft UIInterfaceOrientationLandscapeRight";
				INFOPLIST_KEY_UISupportedInterfaceOrientations_iPhone = "UIInterfaceOrientationPortrait UIInterfaceOrientationLandscapeLeft UIInterfaceOrientationLandscapeRight";
				LD_RUNPATH_SEARCH_PATHS = (
					"$(inherited)",
					"@executable_path/Frameworks",
				);
				MARKETING_VERSION = 1.0;
				PRODUCT_BUNDLE_IDENTIFIER = test.Landmarks;
				PRODUCT_NAME = "$(TARGET_NAME)";
				SWIFT_EMIT_LOC_STRINGS = YES;
				SWIFT_VERSION = 5.0;
				TARGETED_DEVICE_FAMILY = "1,2";
			};
			name = Release;
		};
		26B51AE82B9863FE00063AF5 /* Debug */ = {
			isa = XCBuildConfiguration;
			buildSettings = {
				ALWAYS_EMBED_SWIFT_STANDARD_LIBRARIES = YES;
				BUNDLE_LOADER = "$(TEST_HOST)";
				CODE_SIGN_STYLE = Automatic;
				CURRENT_PROJECT_VERSION = 1;
				GENERATE_INFOPLIST_FILE = YES;
				IPHONEOS_DEPLOYMENT_TARGET = 17.0;
				MARKETING_VERSION = 1.0;
				PRODUCT_BUNDLE_IDENTIFIER = test.LandmarksTests;
				PRODUCT_NAME = "$(TARGET_NAME)";
				SWIFT_EMIT_LOC_STRINGS = NO;
				SWIFT_VERSION = 5.0;
				TARGETED_DEVICE_FAMILY = "1,2";
				TEST_HOST = "$(BUILT_PRODUCTS_DIR)/Landmarks.app/$(BUNDLE_EXECUTABLE_FOLDER_PATH)/Landmarks";
			};
			name = Debug;
		};
		26B51AE92B9863FE00063AF5 /* Release */ = {
			isa = XCBuildConfiguration;
			buildSettings = {
				ALWAYS_EMBED_SWIFT_STANDARD_LIBRARIES = YES;
				BUNDLE_LOADER = "$(TEST_HOST)";
				CODE_SIGN_STYLE = Automatic;
				CURRENT_PROJECT_VERSION = 1;
				GENERATE_INFOPLIST_FILE = YES;
				IPHONEOS_DEPLOYMENT_TARGET = 17.0;
				MARKETING_VERSION = 1.0;
				PRODUCT_BUNDLE_IDENTIFIER = test.LandmarksTests;
				PRODUCT_NAME = "$(TARGET_NAME)";
				SWIFT_EMIT_LOC_STRINGS = NO;
				SWIFT_VERSION = 5.0;
				TARGETED_DEVICE_FAMILY = "1,2";
				TEST_HOST = "$(BUILT_PRODUCTS_DIR)/Landmarks.app/$(BUNDLE_EXECUTABLE_FOLDER_PATH)/Landmarks";
			};
			name = Release;
		};
		26B51AEB2B9863FE00063AF5 /* Debug */ = {
			isa = XCBuildConfiguration;
			buildSettings = {
				ALWAYS_EMBED_SWIFT_STANDARD_LIBRARIES = YES;
				CODE_SIGN_STYLE = Automatic;
				CURRENT_PROJECT_VERSION = 1;
				GENERATE_INFOPLIST_FILE = YES;
				MARKETING_VERSION = 1.0;
				PRODUCT_BUNDLE_IDENTIFIER = test.LandmarksUITests;
				PRODUCT_NAME = "$(TARGET_NAME)";
				SWIFT_EMIT_LOC_STRINGS = NO;
				SWIFT_VERSION = 5.0;
				TARGETED_DEVICE_FAMILY = "1,2";
				TEST_TARGET_NAME = Landmarks;
			};
			name = Debug;
		};
		26B51AEC2B9863FE00063AF5 /* Release */ = {
			isa = XCBuildConfiguration;
			buildSettings = {
				ALWAYS_EMBED_SWIFT_STANDARD_LIBRARIES = YES;
				CODE_SIGN_STYLE = Automatic;
				CURRENT_PROJECT_VERSION = 1;
				GENERATE_INFOPLIST_FILE = YES;
				MARKETING_VERSION = 1.0;
				PRODUCT_BUNDLE_IDENTIFIER = test.LandmarksUITests;
				PRODUCT_NAME = "$(TARGET_NAME)";
				SWIFT_EMIT_LOC_STRINGS = NO;
				SWIFT_VERSION = 5.0;
				TARGETED_DEVICE_FAMILY = "1,2";
				TEST_TARGET_NAME = Landmarks;
			};
			name = Release;
		};
/* End XCBuildConfiguration section */

/* Begin XCConfigurationList section */
		26B51ABB2B9863FC00063AF5 /* Build configuration list for PBXProject "Landmarks" */ = {
			isa = XCConfigurationList;
			buildConfigurations = (
				26B51AE22B9863FE00063AF5 /* Debug */,
				26B51AE32B9863FE00063AF5 /* Release */,
			);
			defaultConfigurationIsVisible = 0;
			defaultConfigurationName = Release;
		};
		26B51AE42B9863FE00063AF5 /* Build configuration list for PBXNativeTarget "Landmarks" */ = {
			isa = XCConfigurationList;
			buildConfigurations = (
				26B51AE52B9863FE00063AF5 /* Debug */,
				26B51AE62B9863FE00063AF5 /* Release */,
			);
			defaultConfigurationIsVisible = 0;
			defaultConfigurationName = Release;
		};
		26B51AE72B9863FE00063AF5 /* Build configuration list for PBXNativeTarget "LandmarksTests" */ = {
			isa = XCConfigurationList;
			buildConfigurations = (
				26B51AE82B9863FE00063AF5 /* Debug */,
				26B51AE92B9863FE00063AF5 /* Release */,
			);
			defaultConfigurationIsVisible = 0;
			defaultConfigurationName = Release;
		};
		26B51AEA2B9863FE00063AF5 /* Build configuration list for PBXNativeTarget "LandmarksUITests" */ = {
			isa = XCConfigurationList;
			buildConfigurations = (
				26B51AEB2B9863FE00063AF5 /* Debug */,
				26B51AEC2B9863FE00063AF5 /* Release */,
			);
			defaultConfigurationIsVisible = 0;
			defaultConfigurationName = Release;
		};
/* End XCConfigurationList section */
	};
	rootObject = 26B51AB82B9863FC00063AF5 /* Project object */;
}
